
Microsoft Visual Studio Solution File, Format Version 12.00
# Visual Studio 15
VisualStudioVersion = 15.0.28010.2041
MinimumVisualStudioVersion = 10.0.40219.1
Project("{FAE04EC0-301F-11D3-BF4B-00C04F79EFBC}") = "MiiCloner", "MiiCloner\MiiCloner.csproj", "{15A7F55C-7ECB-4844-819E-2FB7BA61D3F0}"
EndProject
Global
	GlobalSection(SolutionConfigurationPlatforms) = preSolution
		Debug|Any CPU = Debug|Any CPU
		Release|Any CPU = Release|Any CPU
	EndGlobalSection
	GlobalSection(ProjectConfigurationPlatforms) = postSolution
		{15A7F55C-7ECB-4844-819E-2FB7BA61D3F0}.Debug|Any CPU.ActiveCfg = Debug|Any CPU
		{15A7F55C-7ECB-4844-819E-2FB7BA61D3F0}.Debug|Any CPU.Build.0 = Debug|Any CPU
		{15A7F55C-7ECB-4844-819E-2FB7BA61D3F0}.Release|Any CPU.ActiveCfg = Release|Any CPU
		{15A7F55C-7ECB-4844-819E-2FB7BA61D3F0}.Release|Any CPU.Build.0 = Release|Any CPU
	EndGlobalSection
	GlobalSection(SolutionProperties) = preSolution
		HideSolutionNode = FALSE
	EndGlobalSection
	GlobalSection(ExtensibilityGlobals) = postSolution
		SolutionGuid = {4D19296D-69C8-458F-B26A-CDB5066664BD}
	EndGlobalSection
EndGlobal
